
Microsoft Visual Studio Solution File, Format Version 12.00
# Visual Studio 14
VisualStudioVersion = 14.0.25420.1
MinimumVisualStudioVersion = 10.0.40219.1
Project("{8BC9CEB8-8B4A-11D0-8D11-00A0C91BC942}") = "CEFWebkitBrowser", "CEFWebkitBrowser.vcxproj", "{78BA0AEA-3A77-486C-B988-9710DA8FD287}"
EndProject
Project("{8BC9CEB8-8B4A-11D0-8D11-00A0C91BC942}") = "DuiLib", "DuiLib\DuiLib.vcxproj", "{E106ACD7-4E53-4AEE-942B-D0DD426DB34E}"
EndProject
Global
	GlobalSection(SolutionConfigurationPlatforms) = preSolution
		UnicodeDebug|x86 = UnicodeDebug|x86
		UnicodeRelease|x86 = UnicodeRelease|x86
	EndGlobalSection
	GlobalSection(ProjectConfigurationPlatforms) = postSolution
		{78BA0AEA-3A77-486C-B988-9710DA8FD287}.UnicodeDebug|x86.ActiveCfg = Debug|Win32
		{78BA0AEA-3A77-486C-B988-9710DA8FD287}.UnicodeDebug|x86.Build.0 = Debug|Win32
		{78BA0AEA-3A77-486C-B988-9710DA8FD287}.UnicodeRelease|x86.ActiveCfg = Release|Win32
		{78BA0AEA-3A77-486C-B988-9710DA8FD287}.UnicodeRelease|x86.Build.0 = Release|Win32
		{E106ACD7-4E53-4AEE-942B-D0DD426DB34E}.UnicodeDebug|x86.ActiveCfg = UnicodeDebug|Win32
		{E106ACD7-4E53-4AEE-942B-D0DD426DB34E}.UnicodeDebug|x86.Build.0 = UnicodeDebug|Win32
		{E106ACD7-4E53-4AEE-942B-D0DD426DB34E}.UnicodeRelease|x86.ActiveCfg = UnicodeRelease|Win32
		{E106ACD7-4E53-4AEE-942B-D0DD426DB34E}.UnicodeRelease|x86.Build.0 = UnicodeRelease|Win32
	EndGlobalSection
	GlobalSection(SolutionProperties) = preSolution
		HideSolutionNode = FALSE
	EndGlobalSection
EndGlobal
